// !$*UTF8*$!
{
	archiveVersion = 1;
	classes = {
	};
	objectVersion = 56;
	objects = {

/* Begin PBXBuildFile section */
		63431EE22923FBBE0050BAE3 /* SwiftUI_ModifierApp.swift in Sources */ = {isa = PBXBuildFile; fileRef = 63431EE12923FBBE0050BAE3 /* SwiftUI_ModifierApp.swift */; };
		63431EE42923FBBE0050BAE3 /* ContentView.swift in Sources */ = {isa = PBXBuildFile; fileRef = 63431EE32923FBBE0050BAE3 /* ContentView.swift */; };
		63431EE62923FBBF0050BAE3 /* Assets.xcassets in Resources */ = {isa = PBXBuildFile; fileRef = 63431EE52923FBBF0050BAE3 /* Assets.xcassets */; };
		63431EEA2923FBBF0050BAE3 /* Preview Assets.xcassets in Resources */ = {isa = PBXBuildFile; fileRef = 63431EE92923FBBF0050BAE3 /* Preview Assets.xcassets */; };
		63431EF42923FBBF0050BAE3 /* SwiftUI_ModifierTests.swift in Sources */ = {isa = PBXBuildFile; fileRef = 63431EF32923FBBF0050BAE3 /* SwiftUI_ModifierTests.swift */; };
		63431EFE2923FBBF0050BAE3 /* SwiftUI_ModifierUITests.swift in Sources */ = {isa = PBXBuildFile; fileRef = 63431EFD2923FBBF0050BAE3 /* SwiftUI_ModifierUITests.swift */; };
		63431F002923FBBF0050BAE3 /* SwiftUI_ModifierUITestsLaunchTests.swift in Sources */ = {isa = PBXBuildFile; fileRef = 63431EFF2923FBBF0050BAE3 /* SwiftUI_ModifierUITestsLaunchTests.swift */; };
/* End PBXBuildFile section */

/* Begin PBXContainerItemProxy section */
		63431EF02923FBBF0050BAE3 /* PBXContainerItemProxy */ = {
			isa = PBXContainerItemProxy;
			containerPortal = 63431ED62923FBBE0050BAE3 /* Project object */;
			proxyType = 1;
			remoteGlobalIDString = 63431EDD2923FBBE0050BAE3;
			remoteInfo = SwiftUI_Modifier;
		};
		63431EFA2923FBBF0050BAE3 /* PBXContainerItemProxy */ = {
			isa = PBXContainerItemProxy;
			containerPortal = 63431ED62923FBBE0050BAE3 /* Project object */;
			proxyType = 1;
			remoteGlobalIDString = 63431EDD2923FBBE0050BAE3;
			remoteInfo = SwiftUI_Modifier;
		};
/* End PBXContainerItemProxy section */

/* Begin PBXFileReference section */
		63431EDE2923FBBE0050BAE3 /* SwiftUI_Modifier.app */ = {isa = PBXFileReference; explicitFileType = wrapper.application; includeInIndex = 0; path = SwiftUI_Modifier.app; sourceTree = BUILT_PRODUCTS_DIR; };
		63431EE12923FBBE0050BAE3 /* SwiftUI_ModifierApp.swift */ = {isa = PBXFileReference; lastKnownFileType = sourcecode.swift; path = SwiftUI_ModifierApp.swift; sourceTree = "<group>"; };
		63431EE32923FBBE0050BAE3 /* ContentView.swift */ = {isa = PBXFileReference; lastKnownFileType = sourcecode.swift; path = ContentView.swift; sourceTree = "<group>"; };
		63431EE52923FBBF0050BAE3 /* Assets.xcassets */ = {isa = PBXFileReference; lastKnownFileType = folder.assetcatalog; path = Assets.xcassets; sourceTree = "<group>"; };
		63431EE72923FBBF0050BAE3 /* SwiftUI_Modifier.entitlements */ = {isa = PBXFileReference; lastKnownFileType = text.plist.entitlements; path = SwiftUI_Modifier.entitlements; sourceTree = "<group>"; };
		63431EE92923FBBF0050BAE3 /* Preview Assets.xcassets */ = {isa = PBXFileReference; lastKnownFileType = folder.assetcatalog; path = "Preview Assets.xcassets"; sourceTree = "<group>"; };
		63431EEF2923FBBF0050BAE3 /* SwiftUI_ModifierTests.xctest */ = {isa = PBXFileReference; explicitFileType = wrapper.cfbundle; includeInIndex = 0; path = SwiftUI_ModifierTests.xctest; sourceTree = BUILT_PRODUCTS_DIR; };
		63431EF32923FBBF0050BAE3 /* SwiftUI_ModifierTests.swift */ = {isa = PBXFileReference; lastKnownFileType = sourcecode.swift; path = SwiftUI_ModifierTests.swift; sourceTree = "<group>"; };
		63431EF92923FBBF0050BAE3 /* SwiftUI_ModifierUITests.xctest */ = {isa = PBXFileReference; explicitFileType = wrapper.cfbundle; includeInIndex = 0; path = SwiftUI_ModifierUITests.xctest; sourceTree = BUILT_PRODUCTS_DIR; };
		63431EFD2923FBBF0050BAE3 /* SwiftUI_ModifierUITests.swift */ = {isa = PBXFileReference; lastKnownFileType = sourcecode.swift; path = SwiftUI_ModifierUITests.swift; sourceTree = "<group>"; };
		63431EFF2923FBBF0050BAE3 /* SwiftUI_ModifierUITestsLaunchTests.swift */ = {isa = PBXFileReference; lastKnownFileType = sourcecode.swift; path = SwiftUI_ModifierUITestsLaunchTests.swift; sourceTree = "<group>"; };
/* End PBXFileReference section */

/* Begin PBXFrameworksBuildPhase section */
		63431EDB2923FBBE0050BAE3 /* Frameworks */ = {
			isa = PBXFrameworksBuildPhase;
			buildActionMask = 2147483647;
			files = (
			);
			runOnlyForDeploymentPostprocessing = 0;
		};
		63431EEC2923FBBF0050BAE3 /* Frameworks */ = {
			isa = PBXFrameworksBuildPhase;
			buildActionMask = 2147483647;
			files = (
			);
			runOnlyForDeploymentPostprocessing = 0;
		};
		63431EF62923FBBF0050BAE3 /* Frameworks */ = {
			isa = PBXFrameworksBuildPhase;
			buildActionMask = 2147483647;
			files = (
			);
			runOnlyForDeploymentPostprocessing = 0;
		};
/* End PBXFrameworksBuildPhase section */

/* Begin PBXGroup section */
		63431ED52923FBBE0050BAE3 = {
			isa = PBXGroup;
			children = (
				63431EE02923FBBE0050BAE3 /* SwiftUI_Modifier */,
				63431EF22923FBBF0050BAE3 /* SwiftUI_ModifierTests */,
				63431EFC2923FBBF0050BAE3 /* SwiftUI_ModifierUITests */,
				63431EDF2923FBBE0050BAE3 /* Products */,
			);
			sourceTree = "<group>";
		};
		63431EDF2923FBBE0050BAE3 /* Products */ = {
			isa = PBXGroup;
			children = (
				63431EDE2923FBBE0050BAE3 /* SwiftUI_Modifier.app */,
				63431EEF2923FBBF0050BAE3 /* SwiftUI_ModifierTests.xctest */,
				63431EF92923FBBF0050BAE3 /* SwiftUI_ModifierUITests.xctest */,
			);
			name = Products;
			sourceTree = "<group>";
		};
		63431EE02923FBBE0050BAE3 /* SwiftUI_Modifier */ = {
			isa = PBXGroup;
			children = (
				63431EE12923FBBE0050BAE3 /* SwiftUI_ModifierApp.swift */,
				63431EE32923FBBE0050BAE3 /* ContentView.swift */,
				63431EE52923FBBF0050BAE3 /* Assets.xcassets */,
				63431EE72923FBBF0050BAE3 /* SwiftUI_Modifier.entitlements */,
				63431EE82923FBBF0050BAE3 /* Preview Content */,
			);
			path = SwiftUI_Modifier;
			sourceTree = "<group>";
		};
		63431EE82923FBBF0050BAE3 /* Preview Content */ = {
			isa = PBXGroup;
			children = (
				63431EE92923FBBF0050BAE3 /* Preview Assets.xcassets */,
			);
			path = "Preview Content";
			sourceTree = "<group>";
		};
		63431EF22923FBBF0050BAE3 /* SwiftUI_ModifierTests */ = {
			isa = PBXGroup;
			children = (
				63431EF32923FBBF0050BAE3 /* SwiftUI_ModifierTests.swift */,
			);
			path = SwiftUI_ModifierTests;
			sourceTree = "<group>";
		};
		63431EFC2923FBBF0050BAE3 /* SwiftUI_ModifierUITests */ = {
			isa = PBXGroup;
			children = (
				63431EFD2923FBBF0050BAE3 /* SwiftUI_ModifierUITests.swift */,
				63431EFF2923FBBF0050BAE3 /* SwiftUI_ModifierUITestsLaunchTests.swift */,
			);
			path = SwiftUI_ModifierUITests;
			sourceTree = "<group>";
		};
/* End PBXGroup section */

/* Begin PBXNativeTarget section */
		63431EDD2923FBBE0050BAE3 /* SwiftUI_Modifier */ = {
			isa = PBXNativeTarget;
			buildConfigurationList = 63431F032923FBBF0050BAE3 /* Build configuration list for PBXNativeTarget "SwiftUI_Modifier" */;
			buildPhases = (
				63431EDA2923FBBE0050BAE3 /* Sources */,
				63431EDB2923FBBE0050BAE3 /* Frameworks */,
				63431EDC2923FBBE0050BAE3 /* Resources */,
			);
			buildRules = (
			);
			dependencies = (
			);
			name = SwiftUI_Modifier;
			productName = SwiftUI_Modifier;
			productReference = 63431EDE2923FBBE0050BAE3 /* SwiftUI_Modifier.app */;
			productType = "com.apple.product-type.application";
		};
		63431EEE2923FBBF0050BAE3 /* SwiftUI_ModifierTests */ = {
			isa = PBXNativeTarget;
			buildConfigurationList = 63431F062923FBBF0050BAE3 /* Build configuration list for PBXNativeTarget "SwiftUI_ModifierTests" */;
			buildPhases = (
				63431EEB2923FBBF0050BAE3 /* Sources */,
				63431EEC2923FBBF0050BAE3 /* Frameworks */,
				63431EED2923FBBF0050BAE3 /* Resources */,
			);
			buildRules = (
			);
			dependencies = (
				63431EF12923FBBF0050BAE3 /* PBXTargetDependency */,
			);
			name = SwiftUI_ModifierTests;
			productName = SwiftUI_ModifierTests;
			productReference = 63431EEF2923FBBF0050BAE3 /* SwiftUI_ModifierTests.xctest */;
			productType = "com.apple.product-type.bundle.unit-test";
		};
		63431EF82923FBBF0050BAE3 /* SwiftUI_ModifierUITests */ = {
			isa = PBXNativeTarget;
			buildConfigurationList = 63431F092923FBBF0050BAE3 /* Build configuration list for PBXNativeTarget "SwiftUI_ModifierUITests" */;
			buildPhases = (
				63431EF52923FBBF0050BAE3 /* Sources */,
				63431EF62923FBBF0050BAE3 /* Frameworks */,
				63431EF72923FBBF0050BAE3 /* Resources */,
			);
			buildRules = (
			);
			dependencies = (
				63431EFB2923FBBF0050BAE3 /* PBXTargetDependency */,
			);
			name = SwiftUI_ModifierUITests;
			productName = SwiftUI_ModifierUITests;
			productReference = 63431EF92923FBBF0050BAE3 /* SwiftUI_ModifierUITests.xctest */;
			productType = "com.apple.product-type.bundle.ui-testing";
		};
/* End PBXNativeTarget section */

/* Begin PBXProject section */
		63431ED62923FBBE0050BAE3 /* Project object */ = {
			isa = PBXProject;
			attributes = {
				BuildIndependentTargetsInParallel = 1;
				LastSwiftUpdateCheck = 1410;
				LastUpgradeCheck = 1410;
				TargetAttributes = {
					63431EDD2923FBBE0050BAE3 = {
						CreatedOnToolsVersion = 14.1;
					};
					63431EEE2923FBBF0050BAE3 = {
						CreatedOnToolsVersion = 14.1;
						TestTargetID = 63431EDD2923FBBE0050BAE3;
					};
					63431EF82923FBBF0050BAE3 = {
						CreatedOnToolsVersion = 14.1;
						TestTargetID = 63431EDD2923FBBE0050BAE3;
					};
				};
			};
			buildConfigurationList = 63431ED92923FBBE0050BAE3 /* Build configuration list for PBXProject "SwiftUI_Modifier" */;
			compatibilityVersion = "Xcode 14.0";
			developmentRegion = en;
			hasScannedForEncodings = 0;
			knownRegions = (
				en,
				Base,
			);
			mainGroup = 63431ED52923FBBE0050BAE3;
			productRefGroup = 63431EDF2923FBBE0050BAE3 /* Products */;
			projectDirPath = "";
			projectRoot = "";
			targets = (
				63431EDD2923FBBE0050BAE3 /* SwiftUI_Modifier */,
				63431EEE2923FBBF0050BAE3 /* SwiftUI_ModifierTests */,
				63431EF82923FBBF0050BAE3 /* SwiftUI_ModifierUITests */,
			);
		};
/* End PBXProject section */

/* Begin PBXResourcesBuildPhase section */
		63431EDC2923FBBE0050BAE3 /* Resources */ = {
			isa = PBXResourcesBuildPhase;
			buildActionMask = 2147483647;
			files = (
				63431EEA2923FBBF0050BAE3 /* Preview Assets.xcassets in Resources */,
				63431EE62923FBBF0050BAE3 /* Assets.xcassets in Resources */,
			);
			runOnlyForDeploymentPostprocessing = 0;
		};
		63431EED2923FBBF0050BAE3 /* Resources */ = {
			isa = PBXResourcesBuildPhase;
			buildActionMask = 2147483647;
			files = (
			);
			runOnlyForDeploymentPostprocessing = 0;
		};
		63431EF72923FBBF0050BAE3 /* Resources */ = {
			isa = PBXResourcesBuildPhase;
			buildActionMask = 2147483647;
			files = (
			);
			runOnlyForDeploymentPostprocessing = 0;
		};
/* End PBXResourcesBuildPhase section */

/* Begin PBXSourcesBuildPhase section */
		63431EDA2923FBBE0050BAE3 /* Sources */ = {
			isa = PBXSourcesBuildPhase;
			buildActionMask = 2147483647;
			files = (
				63431EE42923FBBE0050BAE3 /* ContentView.swift in Sources */,
				63431EE22923FBBE0050BAE3 /* SwiftUI_ModifierApp.swift in Sources */,
			);
			runOnlyForDeploymentPostprocessing = 0;
		};
		63431EEB2923FBBF0050BAE3 /* Sources */ = {
			isa = PBXSourcesBuildPhase;
			buildActionMask = 2147483647;
			files = (
				63431EF42923FBBF0050BAE3 /* SwiftUI_ModifierTests.swift in Sources */,
			);
			runOnlyForDeploymentPostprocessing = 0;
		};
		63431EF52923FBBF0050BAE3 /* Sources */ = {
			isa = PBXSourcesBuildPhase;
			buildActionMask = 2147483647;
			files = (
				63431EFE2923FBBF0050BAE3 /* SwiftUI_ModifierUITests.swift in Sources */,
				63431F002923FBBF0050BAE3 /* SwiftUI_ModifierUITestsLaunchTests.swift in Sources */,
			);
			runOnlyForDeploymentPostprocessing = 0;
		};
/* End PBXSourcesBuildPhase section */

/* Begin PBXTargetDependency section */
		63431EF12923FBBF0050BAE3 /* PBXTargetDependency */ = {
			isa = PBXTargetDependency;
			target = 63431EDD2923FBBE0050BAE3 /* SwiftUI_Modifier */;
			targetProxy = 63431EF02923FBBF0050BAE3 /* PBXContainerItemProxy */;
		};
		63431EFB2923FBBF0050BAE3 /* PBXTargetDependency */ = {
			isa = PBXTargetDependency;
			target = 63431EDD2923FBBE0050BAE3 /* SwiftUI_Modifier */;
			targetProxy = 63431EFA2923FBBF0050BAE3 /* PBXContainerItemProxy */;
		};
/* End PBXTargetDependency section */

/* Begin XCBuildConfiguration section */
		63431F012923FBBF0050BAE3 /* Debug */ = {
			isa = XCBuildConfiguration;
			buildSettings = {
				ALWAYS_SEARCH_USER_PATHS = NO;
				CLANG_ANALYZER_NONNULL = YES;
				CLANG_ANALYZER_NUMBER_OBJECT_CONVERSION = YES_AGGRESSIVE;
				CLANG_CXX_LANGUAGE_STANDARD = "gnu++20";
				CLANG_ENABLE_MODULES = YES;
				CLANG_ENABLE_OBJC_ARC = YES;
				CLANG_ENABLE_OBJC_WEAK = YES;
				CLANG_WARN_BLOCK_CAPTURE_AUTORELEASING = YES;
				CLANG_WARN_BOOL_CONVERSION = YES;
				CLANG_WARN_COMMA = YES;
				CLANG_WARN_CONSTANT_CONVERSION = YES;
				CLANG_WARN_DEPRECATED_OBJC_IMPLEMENTATIONS = YES;
				CLANG_WARN_DIRECT_OBJC_ISA_USAGE = YES_ERROR;
				CLANG_WARN_DOCUMENTATION_COMMENTS = YES;
				CLANG_WARN_EMPTY_BODY = YES;
				CLANG_WARN_ENUM_CONVERSION = YES;
				CLANG_WARN_INFINITE_RECURSION = YES;
				CLANG_WARN_INT_CONVERSION = YES;
				CLANG_WARN_NON_LITERAL_NULL_CONVERSION = YES;
				CLANG_WARN_OBJC_IMPLICIT_RETAIN_SELF = YES;
				CLANG_WARN_OBJC_LITERAL_CONVERSION = YES;
				CLANG_WARN_OBJC_ROOT_CLASS = YES_ERROR;
				CLANG_WARN_QUOTED_INCLUDE_IN_FRAMEWORK_HEADER = YES;
				CLANG_WARN_RANGE_LOOP_ANALYSIS = YES;
				CLANG_WARN_STRICT_PROTOTYPES = YES;
				CLANG_WARN_SUSPICIOUS_MOVE = YES;
				CLANG_WARN_UNGUARDED_AVAILABILITY = YES_AGGRESSIVE;
				CLANG_WARN_UNREACHABLE_CODE = YES;
				CLANG_WARN__DUPLICATE_METHOD_MATCH = YES;
				COPY_PHASE_STRIP = NO;
				DEBUG_INFORMATION_FORMAT = dwarf;
				ENABLE_STRICT_OBJC_MSGSEND = YES;
				ENABLE_TESTABILITY = YES;
				GCC_C_LANGUAGE_STANDARD = gnu11;
				GCC_DYNAMIC_NO_PIC = NO;
				GCC_NO_COMMON_BLOCKS = YES;
				GCC_OPTIMIZATION_LEVEL = 0;
				GCC_PREPROCESSOR_DEFINITIONS = (
					"DEBUG=1",
					"$(inherited)",
				);
				GCC_WARN_64_TO_32_BIT_CONVERSION = YES;
				GCC_WARN_ABOUT_RETURN_TYPE = YES_ERROR;
				GCC_WARN_UNDECLARED_SELECTOR = YES;
				GCC_WARN_UNINITIALIZED_AUTOS = YES_AGGRESSIVE;
				GCC_WARN_UNUSED_FUNCTION = YES;
				GCC_WARN_UNUSED_VARIABLE = YES;
				MTL_ENABLE_DEBUG_INFO = INCLUDE_SOURCE;
				MTL_FAST_MATH = YES;
				ONLY_ACTIVE_ARCH = YES;
				SWIFT_ACTIVE_COMPILATION_CONDITIONS = DEBUG;
				SWIFT_OPTIMIZATION_LEVEL = "-Onone";
			};
			name = Debug;
		};
		63431F022923FBBF0050BAE3 /* Release */ = {
			isa = XCBuildConfiguration;
			buildSettings = {
				ALWAYS_SEARCH_USER_PATHS = NO;
				CLANG_ANALYZER_NONNULL = YES;
				CLANG_ANALYZER_NUMBER_OBJECT_CONVERSION = YES_AGGRESSIVE;
				CLANG_CXX_LANGUAGE_STANDARD = "gnu++20";
				CLANG_ENABLE_MODULES = YES;
				CLANG_ENABLE_OBJC_ARC = YES;
				CLANG_ENABLE_OBJC_WEAK = YES;
				CLANG_WARN_BLOCK_CAPTURE_AUTORELEASING = YES;
				CLANG_WARN_BOOL_CONVERSION = YES;
				CLANG_WARN_COMMA = YES;
				CLANG_WARN_CONSTANT_CONVERSION = YES;
				CLANG_WARN_DEPRECATED_OBJC_IMPLEMENTATIONS = YES;
				CLANG_WARN_DIRECT_OBJC_ISA_USAGE = YES_ERROR;
				CLANG_WARN_DOCUMENTATION_COMMENTS = YES;
				CLANG_WARN_EMPTY_BODY = YES;
				CLANG_WARN_ENUM_CONVERSION = YES;
				CLANG_WARN_INFINITE_RECURSION = YES;
				CLANG_WARN_INT_CONVERSION = YES;
				CLANG_WARN_NON_LITERAL_NULL_CONVERSION = YES;
				CLANG_WARN_OBJC_IMPLICIT_RETAIN_SELF = YES;
				CLANG_WARN_OBJC_LITERAL_CONVERSION = YES;
				CLANG_WARN_OBJC_ROOT_CLASS = YES_ERROR;
				CLANG_WARN_QUOTED_INCLUDE_IN_FRAMEWORK_HEADER = YES;
				CLANG_WARN_RANGE_LOOP_ANALYSIS = YES;
				CLANG_WARN_STRICT_PROTOTYPES = YES;
				CLANG_WARN_SUSPICIOUS_MOVE = YES;
				CLANG_WARN_UNGUARDED_AVAILABILITY = YES_AGGRESSIVE;
				CLANG_WARN_UNREACHABLE_CODE = YES;
				CLANG_WARN__DUPLICATE_METHOD_MATCH = YES;
				COPY_PHASE_STRIP = NO;
				DEBUG_INFORMATION_FORMAT = "dwarf-with-dsym";
				ENABLE_NS_ASSERTIONS = NO;
				ENABLE_STRICT_OBJC_MSGSEND = YES;
				GCC_C_LANGUAGE_STANDARD = gnu11;
				GCC_NO_COMMON_BLOCKS = YES;
				GCC_WARN_64_TO_32_BIT_CONVERSION = YES;
				GCC_WARN_ABOUT_RETURN_TYPE = YES_ERROR;
				GCC_WARN_UNDECLARED_SELECTOR = YES;
				GCC_WARN_UNINITIALIZED_AUTOS = YES_AGGRESSIVE;
				GCC_WARN_UNUSED_FUNCTION = YES;
				GCC_WARN_UNUSED_VARIABLE = YES;
				MTL_ENABLE_DEBUG_INFO = NO;
				MTL_FAST_MATH = YES;
				SWIFT_COMPILATION_MODE = wholemodule;
				SWIFT_OPTIMIZATION_LEVEL = "-O";
			};
			name = Release;
		};
		63431F042923FBBF0050BAE3 /* Debug */ = {
			isa = XCBuildConfiguration;
			buildSettings = {
				ASSETCATALOG_COMPILER_APPICON_NAME = AppIcon;
				ASSETCATALOG_COMPILER_GLOBAL_ACCENT_COLOR_NAME = AccentColor;
				CODE_SIGN_ENTITLEMENTS = SwiftUI_Modifier/SwiftUI_Modifier.entitlements;
				CODE_SIGN_STYLE = Automatic;
				CURRENT_PROJECT_VERSION = 1;
				DEVELOPMENT_ASSET_PATHS = "\"SwiftUI_Modifier/Preview Content\"";
				ENABLE_PREVIEWS = YES;
				GENERATE_INFOPLIST_FILE = YES;
				"INFOPLIST_KEY_UIApplicationSceneManifest_Generation[sdk=iphoneos*]" = YES;
				"INFOPLIST_KEY_UIApplicationSceneManifest_Generation[sdk=iphonesimulator*]" = YES;
				"INFOPLIST_KEY_UIApplicationSupportsIndirectInputEvents[sdk=iphoneos*]" = YES;
				"INFOPLIST_KEY_UIApplicationSupportsIndirectInputEvents[sdk=iphonesimulator*]" = YES;
				"INFOPLIST_KEY_UILaunchScreen_Generation[sdk=iphoneos*]" = YES;
				"INFOPLIST_KEY_UILaunchScreen_Generation[sdk=iphonesimulator*]" = YES;
				"INFOPLIST_KEY_UIStatusBarStyle[sdk=iphoneos*]" = UIStatusBarStyleDefault;
				"INFOPLIST_KEY_UIStatusBarStyle[sdk=iphonesimulator*]" = UIStatusBarStyleDefault;
				INFOPLIST_KEY_UISupportedInterfaceOrientations_iPad = "UIInterfaceOrientationPortrait UIInterfaceOrientationPortraitUpsideDown UIInterfaceOrientationLandscapeLeft UIInterfaceOrientationLandscapeRight";
				INFOPLIST_KEY_UISupportedInterfaceOrientations_iPhone = "UIInterfaceOrientationPortrait UIInterfaceOrientationLandscapeLeft UIInterfaceOrientationLandscapeRight";
				IPHONEOS_DEPLOYMENT_TARGET = 16.1;
				LD_RUNPATH_SEARCH_PATHS = "@executable_path/Frameworks";
				"LD_RUNPATH_SEARCH_PATHS[sdk=macosx*]" = "@executable_path/../Frameworks";
				MACOSX_DEPLOYMENT_TARGET = 12.6;
				MARKETING_VERSION = 1.0;
				PRODUCT_BUNDLE_IDENTIFIER = "com.sunny.study.SwiftUI-Modifier";
				PRODUCT_NAME = "$(TARGET_NAME)";
				SDKROOT = auto;
				SUPPORTED_PLATFORMS = "iphoneos iphonesimulator macosx";
				SWIFT_EMIT_LOC_STRINGS = YES;
				SWIFT_VERSION = 5.0;
				TARGETED_DEVICE_FAMILY = "1,2";
			};
			name = Debug;
		};
		63431F052923FBBF0050BAE3 /* Release */ = {
			isa = XCBuildConfiguration;
			buildSettings = {
				ASSETCATALOG_COMPILER_APPICON_NAME = AppIcon;
				ASSETCATALOG_COMPILER_GLOBAL_ACCENT_COLOR_NAME = AccentColor;
				CODE_SIGN_ENTITLEMENTS = SwiftUI_Modifier/SwiftUI_Modifier.entitlements;
				CODE_SIGN_STYLE = Automatic;
				CURRENT_PROJECT_VERSION = 1;
				DEVELOPMENT_ASSET_PATHS = "\"SwiftUI_Modifier/Preview Content\"";
				ENABLE_PREVIEWS = YES;
				GENERATE_INFOPLIST_FILE = YES;
				"INFOPLIST_KEY_UIApplicationSceneManifest_Generation[sdk=iphoneos*]" = YES;
				"INFOPLIST_KEY_UIApplicationSceneManifest_Generation[sdk=iphonesimulator*]" = YES;
				"INFOPLIST_KEY_UIApplicationSupportsIndirectInputEvents[sdk=iphoneos*]" = YES;
				"INFOPLIST_KEY_UIApplicationSupportsIndirectInputEvents[sdk=iphonesimulator*]" = YES;
				"INFOPLIST_KEY_UILaunchScreen_Generation[sdk=iphoneos*]" = YES;
				"INFOPLIST_KEY_UILaunchScreen_Generation[sdk=iphonesimulator*]" = YES;
				"INFOPLIST_KEY_UIStatusBarStyle[sdk=iphoneos*]" = UIStatusBarStyleDefault;
				"INFOPLIST_KEY_UIStatusBarStyle[sdk=iphonesimulator*]" = UIStatusBarStyleDefault;
				INFOPLIST_KEY_UISupportedInterfaceOrientations_iPad = "UIInterfaceOrientationPortrait UIInterfaceOrientationPortraitUpsideDown UIInterfaceOrientationLandscapeLeft UIInterfaceOrientationLandscapeRight";
				INFOPLIST_KEY_UISupportedInterfaceOrientations_iPhone = "UIInterfaceOrientationPortrait UIInterfaceOrientationLandscapeLeft UIInterfaceOrientationLandscapeRight";
				IPHONEOS_DEPLOYMENT_TARGET = 16.1;
				LD_RUNPATH_SEARCH_PATHS = "@executable_path/Frameworks";
				"LD_RUNPATH_SEARCH_PATHS[sdk=macosx*]" = "@executable_path/../Frameworks";
				MACOSX_DEPLOYMENT_TARGET = 12.6;
				MARKETING_VERSION = 1.0;
				PRODUCT_BUNDLE_IDENTIFIER = "com.sunny.study.SwiftUI-Modifier";
				PRODUCT_NAME = "$(TARGET_NAME)";
				SDKROOT = auto;
				SUPPORTED_PLATFORMS = "iphoneos iphonesimulator macosx";
				SWIFT_EMIT_LOC_STRINGS = YES;
				SWIFT_VERSION = 5.0;
				TARGETED_DEVICE_FAMILY = "1,2";
			};
			name = Release;
		};
		63431F072923FBBF0050BAE3 /* Debug */ = {
			isa = XCBuildConfiguration;
			buildSettings = {
				ALWAYS_EMBED_SWIFT_STANDARD_LIBRARIES = YES;
				BUNDLE_LOADER = "$(TEST_HOST)";
				CODE_SIGN_STYLE = Automatic;
				CURRENT_PROJECT_VERSION = 1;
				GENERATE_INFOPLIST_FILE = YES;
				IPHONEOS_DEPLOYMENT_TARGET = 16.1;
				MACOSX_DEPLOYMENT_TARGET = 12.6;
				MARKETING_VERSION = 1.0;
				PRODUCT_BUNDLE_IDENTIFIER = "com.sunny.study.SwiftUI-ModifierTests";
				PRODUCT_NAME = "$(TARGET_NAME)";
				SDKROOT = auto;
				SUPPORTED_PLATFORMS = "iphoneos iphonesimulator macosx";
				SWIFT_EMIT_LOC_STRINGS = NO;
				SWIFT_VERSION = 5.0;
				TARGETED_DEVICE_FAMILY = "1,2";
				TEST_HOST = "$(BUILT_PRODUCTS_DIR)/SwiftUI_Modifier.app/$(BUNDLE_EXECUTABLE_FOLDER_PATH)/SwiftUI_Modifier";
			};
			name = Debug;
		};
		63431F082923FBBF0050BAE3 /* Release */ = {
			isa = XCBuildConfiguration;
			buildSettings = {
				ALWAYS_EMBED_SWIFT_STANDARD_LIBRARIES = YES;
				BUNDLE_LOADER = "$(TEST_HOST)";
				CODE_SIGN_STYLE = Automatic;
				CURRENT_PROJECT_VERSION = 1;
				GENERATE_INFOPLIST_FILE = YES;
				IPHONEOS_DEPLOYMENT_TARGET = 16.1;
				MACOSX_DEPLOYMENT_TARGET = 12.6;
				MARKETING_VERSION = 1.0;
				PRODUCT_BUNDLE_IDENTIFIER = "com.sunny.study.SwiftUI-ModifierTests";
				PRODUCT_NAME = "$(TARGET_NAME)";
				SDKROOT = auto;
				SUPPORTED_PLATFORMS = "iphoneos iphonesimulator macosx";
				SWIFT_EMIT_LOC_STRINGS = NO;
				SWIFT_VERSION = 5.0;
				TARGETED_DEVICE_FAMILY = "1,2";
				TEST_HOST = "$(BUILT_PRODUCTS_DIR)/SwiftUI_Modifier.app/$(BUNDLE_EXECUTABLE_FOLDER_PATH)/SwiftUI_Modifier";
			};
			name = Release;
		};
		63431F0A2923FBBF0050BAE3 /* Debug */ = {
			isa = XCBuildConfiguration;
			buildSettings = {
				ALWAYS_EMBED_SWIFT_STANDARD_LIBRARIES = YES;
				CODE_SIGN_STYLE = Automatic;
				CURRENT_PROJECT_VERSION = 1;
				GENERATE_INFOPLIST_FILE = YES;
				IPHONEOS_DEPLOYMENT_TARGET = 16.1;
				MACOSX_DEPLOYMENT_TARGET = 12.6;
				MARKETING_VERSION = 1.0;
				PRODUCT_BUNDLE_IDENTIFIER = "com.sunny.study.SwiftUI-ModifierUITests";
				PRODUCT_NAME = "$(TARGET_NAME)";
				SDKROOT = auto;
				SUPPORTED_PLATFORMS = "iphoneos iphonesimulator macosx";
				SWIFT_EMIT_LOC_STRINGS = NO;
				SWIFT_VERSION = 5.0;
				TARGETED_DEVICE_FAMILY = "1,2";
				TEST_TARGET_NAME = SwiftUI_Modifier;
			};
			name = Debug;
		};
		63431F0B2923FBBF0050BAE3 /* Release */ = {
			isa = XCBuildConfiguration;
			buildSettings = {
				ALWAYS_EMBED_SWIFT_STANDARD_LIBRARIES = YES;
				CODE_SIGN_STYLE = Automatic;
				CURRENT_PROJECT_VERSION = 1;
				GENERATE_INFOPLIST_FILE = YES;
				IPHONEOS_DEPLOYMENT_TARGET = 16.1;
				MACOSX_DEPLOYMENT_TARGET = 12.6;
				MARKETING_VERSION = 1.0;
				PRODUCT_BUNDLE_IDENTIFIER = "com.sunny.study.SwiftUI-ModifierUITests";
				PRODUCT_NAME = "$(TARGET_NAME)";
				SDKROOT = auto;
				SUPPORTED_PLATFORMS = "iphoneos iphonesimulator macosx";
				SWIFT_EMIT_LOC_STRINGS = NO;
				SWIFT_VERSION = 5.0;
				TARGETED_DEVICE_FAMILY = "1,2";
				TEST_TARGET_NAME = SwiftUI_Modifier;
			};
			name = Release;
		};
/* End XCBuildConfiguration section */

/* Begin XCConfigurationList section */
		63431ED92923FBBE0050BAE3 /* Build configuration list for PBXProject "SwiftUI_Modifier" */ = {
			isa = XCConfigurationList;
			buildConfigurations = (
				63431F012923FBBF0050BAE3 /* Debug */,
				63431F022923FBBF0050BAE3 /* Release */,
			);
			defaultConfigurationIsVisible = 0;
			defaultConfigurationName = Release;
		};
		63431F032923FBBF0050BAE3 /* Build configuration list for PBXNativeTarget "SwiftUI_Modifier" */ = {
			isa = XCConfigurationList;
			buildConfigurations = (
				63431F042923FBBF0050BAE3 /* Debug */,
				63431F052923FBBF0050BAE3 /* Release */,
			);
			defaultConfigurationIsVisible = 0;
			defaultConfigurationName = Release;
		};
		63431F062923FBBF0050BAE3 /* Build configuration list for PBXNativeTarget "SwiftUI_ModifierTests" */ = {
			isa = XCConfigurationList;
			buildConfigurations = (
				63431F072923FBBF0050BAE3 /* Debug */,
				63431F082923FBBF0050BAE3 /* Release */,
			);
			defaultConfigurationIsVisible = 0;
			defaultConfigurationName = Release;
		};
		63431F092923FBBF0050BAE3 /* Build configuration list for PBXNativeTarget "SwiftUI_ModifierUITests" */ = {
			isa = XCConfigurationList;
			buildConfigurations = (
				63431F0A2923FBBF0050BAE3 /* Debug */,
				63431F0B2923FBBF0050BAE3 /* Release */,
			);
			defaultConfigurationIsVisible = 0;
			defaultConfigurationName = Release;
		};
/* End XCConfigurationList section */
	};
	rootObject = 63431ED62923FBBE0050BAE3 /* Project object */;
}
