// !$*UTF8*$!
{
	archiveVersion = 1;
	classes = {
	};
	objectVersion = 56;
	objects = {

/* Begin PBXBuildFile section */
		3E3E20B0291D514D002CC009 /* SwiftUI_Lecture8_ListApp.swift in Sources */ = {isa = PBXBuildFile; fileRef = 3E3E20AF291D514D002CC009 /* SwiftUI_Lecture8_ListApp.swift */; };
		3E3E20B2291D514D002CC009 /* ContentView.swift in Sources */ = {isa = PBXBuildFile; fileRef = 3E3E20B1291D514D002CC009 /* ContentView.swift */; };
		3E3E20B4291D514F002CC009 /* Assets.xcassets in Resources */ = {isa = PBXBuildFile; fileRef = 3E3E20B3291D514F002CC009 /* Assets.xcassets */; };
		3E3E20B7291D514F002CC009 /* Preview Assets.xcassets in Resources */ = {isa = PBXBuildFile; fileRef = 3E3E20B6291D514F002CC009 /* Preview Assets.xcassets */; };
		3E3E20C1291D514F002CC009 /* SwiftUI_Lecture8_ListTests.swift in Sources */ = {isa = PBXBuildFile; fileRef = 3E3E20C0291D514F002CC009 /* SwiftUI_Lecture8_ListTests.swift */; };
		3E3E20CB291D514F002CC009 /* SwiftUI_Lecture8_ListUITests.swift in Sources */ = {isa = PBXBuildFile; fileRef = 3E3E20CA291D514F002CC009 /* SwiftUI_Lecture8_ListUITests.swift */; };
		3E3E20CD291D514F002CC009 /* SwiftUI_Lecture8_ListUITestsLaunchTests.swift in Sources */ = {isa = PBXBuildFile; fileRef = 3E3E20CC291D514F002CC009 /* SwiftUI_Lecture8_ListUITestsLaunchTests.swift */; };
/* End PBXBuildFile section */

/* Begin PBXContainerItemProxy section */
		3E3E20BD291D514F002CC009 /* PBXContainerItemProxy */ = {
			isa = PBXContainerItemProxy;
			containerPortal = 3E3E20A4291D514D002CC009 /* Project object */;
			proxyType = 1;
			remoteGlobalIDString = 3E3E20AB291D514D002CC009;
			remoteInfo = SwiftUI_Lecture8_List;
		};
		3E3E20C7291D514F002CC009 /* PBXContainerItemProxy */ = {
			isa = PBXContainerItemProxy;
			containerPortal = 3E3E20A4291D514D002CC009 /* Project object */;
			proxyType = 1;
			remoteGlobalIDString = 3E3E20AB291D514D002CC009;
			remoteInfo = SwiftUI_Lecture8_List;
		};
/* End PBXContainerItemProxy section */

/* Begin PBXFileReference section */
		3E3E20AC291D514D002CC009 /* SwiftUI_Lecture8_List.app */ = {isa = PBXFileReference; explicitFileType = wrapper.application; includeInIndex = 0; path = SwiftUI_Lecture8_List.app; sourceTree = BUILT_PRODUCTS_DIR; };
		3E3E20AF291D514D002CC009 /* SwiftUI_Lecture8_ListApp.swift */ = {isa = PBXFileReference; lastKnownFileType = sourcecode.swift; path = SwiftUI_Lecture8_ListApp.swift; sourceTree = "<group>"; };
		3E3E20B1291D514D002CC009 /* ContentView.swift */ = {isa = PBXFileReference; lastKnownFileType = sourcecode.swift; path = ContentView.swift; sourceTree = "<group>"; };
		3E3E20B3291D514F002CC009 /* Assets.xcassets */ = {isa = PBXFileReference; lastKnownFileType = folder.assetcatalog; path = Assets.xcassets; sourceTree = "<group>"; };
		3E3E20B6291D514F002CC009 /* Preview Assets.xcassets */ = {isa = PBXFileReference; lastKnownFileType = folder.assetcatalog; path = "Preview Assets.xcassets"; sourceTree = "<group>"; };
		3E3E20BC291D514F002CC009 /* SwiftUI_Lecture8_ListTests.xctest */ = {isa = PBXFileReference; explicitFileType = wrapper.cfbundle; includeInIndex = 0; path = SwiftUI_Lecture8_ListTests.xctest; sourceTree = BUILT_PRODUCTS_DIR; };
		3E3E20C0291D514F002CC009 /* SwiftUI_Lecture8_ListTests.swift */ = {isa = PBXFileReference; lastKnownFileType = sourcecode.swift; path = SwiftUI_Lecture8_ListTests.swift; sourceTree = "<group>"; };
		3E3E20C6291D514F002CC009 /* SwiftUI_Lecture8_ListUITests.xctest */ = {isa = PBXFileReference; explicitFileType = wrapper.cfbundle; includeInIndex = 0; path = SwiftUI_Lecture8_ListUITests.xctest; sourceTree = BUILT_PRODUCTS_DIR; };
		3E3E20CA291D514F002CC009 /* SwiftUI_Lecture8_ListUITests.swift */ = {isa = PBXFileReference; lastKnownFileType = sourcecode.swift; path = SwiftUI_Lecture8_ListUITests.swift; sourceTree = "<group>"; };
		3E3E20CC291D514F002CC009 /* SwiftUI_Lecture8_ListUITestsLaunchTests.swift */ = {isa = PBXFileReference; lastKnownFileType = sourcecode.swift; path = SwiftUI_Lecture8_ListUITestsLaunchTests.swift; sourceTree = "<group>"; };
/* End PBXFileReference section */

/* Begin PBXFrameworksBuildPhase section */
		3E3E20A9291D514D002CC009 /* Frameworks */ = {
			isa = PBXFrameworksBuildPhase;
			buildActionMask = 2147483647;
			files = (
			);
			runOnlyForDeploymentPostprocessing = 0;
		};
		3E3E20B9291D514F002CC009 /* Frameworks */ = {
			isa = PBXFrameworksBuildPhase;
			buildActionMask = 2147483647;
			files = (
			);
			runOnlyForDeploymentPostprocessing = 0;
		};
		3E3E20C3291D514F002CC009 /* Frameworks */ = {
			isa = PBXFrameworksBuildPhase;
			buildActionMask = 2147483647;
			files = (
			);
			runOnlyForDeploymentPostprocessing = 0;
		};
/* End PBXFrameworksBuildPhase section */

/* Begin PBXGroup section */
		3E3E20A3291D514D002CC009 = {
			isa = PBXGroup;
			children = (
				3E3E20AE291D514D002CC009 /* SwiftUI_Lecture8_List */,
				3E3E20BF291D514F002CC009 /* SwiftUI_Lecture8_ListTests */,
				3E3E20C9291D514F002CC009 /* SwiftUI_Lecture8_ListUITests */,
				3E3E20AD291D514D002CC009 /* Products */,
			);
			sourceTree = "<group>";
		};
		3E3E20AD291D514D002CC009 /* Products */ = {
			isa = PBXGroup;
			children = (
				3E3E20AC291D514D002CC009 /* SwiftUI_Lecture8_List.app */,
				3E3E20BC291D514F002CC009 /* SwiftUI_Lecture8_ListTests.xctest */,
				3E3E20C6291D514F002CC009 /* SwiftUI_Lecture8_ListUITests.xctest */,
			);
			name = Products;
			sourceTree = "<group>";
		};
		3E3E20AE291D514D002CC009 /* SwiftUI_Lecture8_List */ = {
			isa = PBXGroup;
			children = (
				3E3E20AF291D514D002CC009 /* SwiftUI_Lecture8_ListApp.swift */,
				3E3E20B1291D514D002CC009 /* ContentView.swift */,
				3E3E20B3291D514F002CC009 /* Assets.xcassets */,
				3E3E20B5291D514F002CC009 /* Preview Content */,
			);
			path = SwiftUI_Lecture8_List;
			sourceTree = "<group>";
		};
		3E3E20B5291D514F002CC009 /* Preview Content */ = {
			isa = PBXGroup;
			children = (
				3E3E20B6291D514F002CC009 /* Preview Assets.xcassets */,
			);
			path = "Preview Content";
			sourceTree = "<group>";
		};
		3E3E20BF291D514F002CC009 /* SwiftUI_Lecture8_ListTests */ = {
			isa = PBXGroup;
			children = (
				3E3E20C0291D514F002CC009 /* SwiftUI_Lecture8_ListTests.swift */,
			);
			path = SwiftUI_Lecture8_ListTests;
			sourceTree = "<group>";
		};
		3E3E20C9291D514F002CC009 /* SwiftUI_Lecture8_ListUITests */ = {
			isa = PBXGroup;
			children = (
				3E3E20CA291D514F002CC009 /* SwiftUI_Lecture8_ListUITests.swift */,
				3E3E20CC291D514F002CC009 /* SwiftUI_Lecture8_ListUITestsLaunchTests.swift */,
			);
			path = SwiftUI_Lecture8_ListUITests;
			sourceTree = "<group>";
		};
/* End PBXGroup section */

/* Begin PBXNativeTarget section */
		3E3E20AB291D514D002CC009 /* SwiftUI_Lecture8_List */ = {
			isa = PBXNativeTarget;
			buildConfigurationList = 3E3E20D0291D514F002CC009 /* Build configuration list for PBXNativeTarget "SwiftUI_Lecture8_List" */;
			buildPhases = (
				3E3E20A8291D514D002CC009 /* Sources */,
				3E3E20A9291D514D002CC009 /* Frameworks */,
				3E3E20AA291D514D002CC009 /* Resources */,
			);
			buildRules = (
			);
			dependencies = (
			);
			name = SwiftUI_Lecture8_List;
			productName = SwiftUI_Lecture8_List;
			productReference = 3E3E20AC291D514D002CC009 /* SwiftUI_Lecture8_List.app */;
			productType = "com.apple.product-type.application";
		};
		3E3E20BB291D514F002CC009 /* SwiftUI_Lecture8_ListTests */ = {
			isa = PBXNativeTarget;
			buildConfigurationList = 3E3E20D3291D514F002CC009 /* Build configuration list for PBXNativeTarget "SwiftUI_Lecture8_ListTests" */;
			buildPhases = (
				3E3E20B8291D514F002CC009 /* Sources */,
				3E3E20B9291D514F002CC009 /* Frameworks */,
				3E3E20BA291D514F002CC009 /* Resources */,
			);
			buildRules = (
			);
			dependencies = (
				3E3E20BE291D514F002CC009 /* PBXTargetDependency */,
			);
			name = SwiftUI_Lecture8_ListTests;
			productName = SwiftUI_Lecture8_ListTests;
			productReference = 3E3E20BC291D514F002CC009 /* SwiftUI_Lecture8_ListTests.xctest */;
			productType = "com.apple.product-type.bundle.unit-test";
		};
		3E3E20C5291D514F002CC009 /* SwiftUI_Lecture8_ListUITests */ = {
			isa = PBXNativeTarget;
			buildConfigurationList = 3E3E20D6291D514F002CC009 /* Build configuration list for PBXNativeTarget "SwiftUI_Lecture8_ListUITests" */;
			buildPhases = (
				3E3E20C2291D514F002CC009 /* Sources */,
				3E3E20C3291D514F002CC009 /* Frameworks */,
				3E3E20C4291D514F002CC009 /* Resources */,
			);
			buildRules = (
			);
			dependencies = (
				3E3E20C8291D514F002CC009 /* PBXTargetDependency */,
			);
			name = SwiftUI_Lecture8_ListUITests;
			productName = SwiftUI_Lecture8_ListUITests;
			productReference = 3E3E20C6291D514F002CC009 /* SwiftUI_Lecture8_ListUITests.xctest */;
			productType = "com.apple.product-type.bundle.ui-testing";
		};
/* End PBXNativeTarget section */

/* Begin PBXProject section */
		3E3E20A4291D514D002CC009 /* Project object */ = {
			isa = PBXProject;
			attributes = {
				BuildIndependentTargetsInParallel = 1;
				LastSwiftUpdateCheck = 1410;
				LastUpgradeCheck = 1410;
				TargetAttributes = {
					3E3E20AB291D514D002CC009 = {
						CreatedOnToolsVersion = 14.1;
					};
					3E3E20BB291D514F002CC009 = {
						CreatedOnToolsVersion = 14.1;
						TestTargetID = 3E3E20AB291D514D002CC009;
					};
					3E3E20C5291D514F002CC009 = {
						CreatedOnToolsVersion = 14.1;
						TestTargetID = 3E3E20AB291D514D002CC009;
					};
				};
			};
			buildConfigurationList = 3E3E20A7291D514D002CC009 /* Build configuration list for PBXProject "SwiftUI_Lecture8_List" */;
			compatibilityVersion = "Xcode 14.0";
			developmentRegion = en;
			hasScannedForEncodings = 0;
			knownRegions = (
				en,
				Base,
			);
			mainGroup = 3E3E20A3291D514D002CC009;
			productRefGroup = 3E3E20AD291D514D002CC009 /* Products */;
			projectDirPath = "";
			projectRoot = "";
			targets = (
				3E3E20AB291D514D002CC009 /* SwiftUI_Lecture8_List */,
				3E3E20BB291D514F002CC009 /* SwiftUI_Lecture8_ListTests */,
				3E3E20C5291D514F002CC009 /* SwiftUI_Lecture8_ListUITests */,
			);
		};
/* End PBXProject section */

/* Begin PBXResourcesBuildPhase section */
		3E3E20AA291D514D002CC009 /* Resources */ = {
			isa = PBXResourcesBuildPhase;
			buildActionMask = 2147483647;
			files = (
				3E3E20B7291D514F002CC009 /* Preview Assets.xcassets in Resources */,
				3E3E20B4291D514F002CC009 /* Assets.xcassets in Resources */,
			);
			runOnlyForDeploymentPostprocessing = 0;
		};
		3E3E20BA291D514F002CC009 /* Resources */ = {
			isa = PBXResourcesBuildPhase;
			buildActionMask = 2147483647;
			files = (
			);
			runOnlyForDeploymentPostprocessing = 0;
		};
		3E3E20C4291D514F002CC009 /* Resources */ = {
			isa = PBXResourcesBuildPhase;
			buildActionMask = 2147483647;
			files = (
			);
			runOnlyForDeploymentPostprocessing = 0;
		};
/* End PBXResourcesBuildPhase section */

/* Begin PBXSourcesBuildPhase section */
		3E3E20A8291D514D002CC009 /* Sources */ = {
			isa = PBXSourcesBuildPhase;
			buildActionMask = 2147483647;
			files = (
				3E3E20B2291D514D002CC009 /* ContentView.swift in Sources */,
				3E3E20B0291D514D002CC009 /* SwiftUI_Lecture8_ListApp.swift in Sources */,
			);
			runOnlyForDeploymentPostprocessing = 0;
		};
		3E3E20B8291D514F002CC009 /* Sources */ = {
			isa = PBXSourcesBuildPhase;
			buildActionMask = 2147483647;
			files = (
				3E3E20C1291D514F002CC009 /* SwiftUI_Lecture8_ListTests.swift in Sources */,
			);
			runOnlyForDeploymentPostprocessing = 0;
		};
		3E3E20C2291D514F002CC009 /* Sources */ = {
			isa = PBXSourcesBuildPhase;
			buildActionMask = 2147483647;
			files = (
				3E3E20CD291D514F002CC009 /* SwiftUI_Lecture8_ListUITestsLaunchTests.swift in Sources */,
				3E3E20CB291D514F002CC009 /* SwiftUI_Lecture8_ListUITests.swift in Sources */,
			);
			runOnlyForDeploymentPostprocessing = 0;
		};
/* End PBXSourcesBuildPhase section */

/* Begin PBXTargetDependency section */
		3E3E20BE291D514F002CC009 /* PBXTargetDependency */ = {
			isa = PBXTargetDependency;
			target = 3E3E20AB291D514D002CC009 /* SwiftUI_Lecture8_List */;
			targetProxy = 3E3E20BD291D514F002CC009 /* PBXContainerItemProxy */;
		};
		3E3E20C8291D514F002CC009 /* PBXTargetDependency */ = {
			isa = PBXTargetDependency;
			target = 3E3E20AB291D514D002CC009 /* SwiftUI_Lecture8_List */;
			targetProxy = 3E3E20C7291D514F002CC009 /* PBXContainerItemProxy */;
		};
/* End PBXTargetDependency section */

/* Begin XCBuildConfiguration section */
		3E3E20CE291D514F002CC009 /* Debug */ = {
			isa = XCBuildConfiguration;
			buildSettings = {
				ALWAYS_SEARCH_USER_PATHS = NO;
				CLANG_ANALYZER_NONNULL = YES;
				CLANG_ANALYZER_NUMBER_OBJECT_CONVERSION = YES_AGGRESSIVE;
				CLANG_CXX_LANGUAGE_STANDARD = "gnu++20";
				CLANG_ENABLE_MODULES = YES;
				CLANG_ENABLE_OBJC_ARC = YES;
				CLANG_ENABLE_OBJC_WEAK = YES;
				CLANG_WARN_BLOCK_CAPTURE_AUTORELEASING = YES;
				CLANG_WARN_BOOL_CONVERSION = YES;
				CLANG_WARN_COMMA = YES;
				CLANG_WARN_CONSTANT_CONVERSION = YES;
				CLANG_WARN_DEPRECATED_OBJC_IMPLEMENTATIONS = YES;
				CLANG_WARN_DIRECT_OBJC_ISA_USAGE = YES_ERROR;
				CLANG_WARN_DOCUMENTATION_COMMENTS = YES;
				CLANG_WARN_EMPTY_BODY = YES;
				CLANG_WARN_ENUM_CONVERSION = YES;
				CLANG_WARN_INFINITE_RECURSION = YES;
				CLANG_WARN_INT_CONVERSION = YES;
				CLANG_WARN_NON_LITERAL_NULL_CONVERSION = YES;
				CLANG_WARN_OBJC_IMPLICIT_RETAIN_SELF = YES;
				CLANG_WARN_OBJC_LITERAL_CONVERSION = YES;
				CLANG_WARN_OBJC_ROOT_CLASS = YES_ERROR;
				CLANG_WARN_QUOTED_INCLUDE_IN_FRAMEWORK_HEADER = YES;
				CLANG_WARN_RANGE_LOOP_ANALYSIS = YES;
				CLANG_WARN_STRICT_PROTOTYPES = YES;
				CLANG_WARN_SUSPICIOUS_MOVE = YES;
				CLANG_WARN_UNGUARDED_AVAILABILITY = YES_AGGRESSIVE;
				CLANG_WARN_UNREACHABLE_CODE = YES;
				CLANG_WARN__DUPLICATE_METHOD_MATCH = YES;
				COPY_PHASE_STRIP = NO;
				DEBUG_INFORMATION_FORMAT = dwarf;
				ENABLE_STRICT_OBJC_MSGSEND = YES;
				ENABLE_TESTABILITY = YES;
				GCC_C_LANGUAGE_STANDARD = gnu11;
				GCC_DYNAMIC_NO_PIC = NO;
				GCC_NO_COMMON_BLOCKS = YES;
				GCC_OPTIMIZATION_LEVEL = 0;
				GCC_PREPROCESSOR_DEFINITIONS = (
					"DEBUG=1",
					"$(inherited)",
				);
				GCC_WARN_64_TO_32_BIT_CONVERSION = YES;
				GCC_WARN_ABOUT_RETURN_TYPE = YES_ERROR;
				GCC_WARN_UNDECLARED_SELECTOR = YES;
				GCC_WARN_UNINITIALIZED_AUTOS = YES_AGGRESSIVE;
				GCC_WARN_UNUSED_FUNCTION = YES;
				GCC_WARN_UNUSED_VARIABLE = YES;
				IPHONEOS_DEPLOYMENT_TARGET = 16.1;
				MTL_ENABLE_DEBUG_INFO = INCLUDE_SOURCE;
				MTL_FAST_MATH = YES;
				ONLY_ACTIVE_ARCH = YES;
				SDKROOT = iphoneos;
				SWIFT_ACTIVE_COMPILATION_CONDITIONS = DEBUG;
				SWIFT_OPTIMIZATION_LEVEL = "-Onone";
			};
			name = Debug;
		};
		3E3E20CF291D514F002CC009 /* Release */ = {
			isa = XCBuildConfiguration;
			buildSettings = {
				ALWAYS_SEARCH_USER_PATHS = NO;
				CLANG_ANALYZER_NONNULL = YES;
				CLANG_ANALYZER_NUMBER_OBJECT_CONVERSION = YES_AGGRESSIVE;
				CLANG_CXX_LANGUAGE_STANDARD = "gnu++20";
				CLANG_ENABLE_MODULES = YES;
				CLANG_ENABLE_OBJC_ARC = YES;
				CLANG_ENABLE_OBJC_WEAK = YES;
				CLANG_WARN_BLOCK_CAPTURE_AUTORELEASING = YES;
				CLANG_WARN_BOOL_CONVERSION = YES;
				CLANG_WARN_COMMA = YES;
				CLANG_WARN_CONSTANT_CONVERSION = YES;
				CLANG_WARN_DEPRECATED_OBJC_IMPLEMENTATIONS = YES;
				CLANG_WARN_DIRECT_OBJC_ISA_USAGE = YES_ERROR;
				CLANG_WARN_DOCUMENTATION_COMMENTS = YES;
				CLANG_WARN_EMPTY_BODY = YES;
				CLANG_WARN_ENUM_CONVERSION = YES;
				CLANG_WARN_INFINITE_RECURSION = YES;
				CLANG_WARN_INT_CONVERSION = YES;
				CLANG_WARN_NON_LITERAL_NULL_CONVERSION = YES;
				CLANG_WARN_OBJC_IMPLICIT_RETAIN_SELF = YES;
				CLANG_WARN_OBJC_LITERAL_CONVERSION = YES;
				CLANG_WARN_OBJC_ROOT_CLASS = YES_ERROR;
				CLANG_WARN_QUOTED_INCLUDE_IN_FRAMEWORK_HEADER = YES;
				CLANG_WARN_RANGE_LOOP_ANALYSIS = YES;
				CLANG_WARN_STRICT_PROTOTYPES = YES;
				CLANG_WARN_SUSPICIOUS_MOVE = YES;
				CLANG_WARN_UNGUARDED_AVAILABILITY = YES_AGGRESSIVE;
				CLANG_WARN_UNREACHABLE_CODE = YES;
				CLANG_WARN__DUPLICATE_METHOD_MATCH = YES;
				COPY_PHASE_STRIP = NO;
				DEBUG_INFORMATION_FORMAT = "dwarf-with-dsym";
				ENABLE_NS_ASSERTIONS = NO;
				ENABLE_STRICT_OBJC_MSGSEND = YES;
				GCC_C_LANGUAGE_STANDARD = gnu11;
				GCC_NO_COMMON_BLOCKS = YES;
				GCC_WARN_64_TO_32_BIT_CONVERSION = YES;
				GCC_WARN_ABOUT_RETURN_TYPE = YES_ERROR;
				GCC_WARN_UNDECLARED_SELECTOR = YES;
				GCC_WARN_UNINITIALIZED_AUTOS = YES_AGGRESSIVE;
				GCC_WARN_UNUSED_FUNCTION = YES;
				GCC_WARN_UNUSED_VARIABLE = YES;
				IPHONEOS_DEPLOYMENT_TARGET = 16.1;
				MTL_ENABLE_DEBUG_INFO = NO;
				MTL_FAST_MATH = YES;
				SDKROOT = iphoneos;
				SWIFT_COMPILATION_MODE = wholemodule;
				SWIFT_OPTIMIZATION_LEVEL = "-O";
				VALIDATE_PRODUCT = YES;
			};
			name = Release;
		};
		3E3E20D1291D514F002CC009 /* Debug */ = {
			isa = XCBuildConfiguration;
			buildSettings = {
				ASSETCATALOG_COMPILER_APPICON_NAME = AppIcon;
				ASSETCATALOG_COMPILER_GLOBAL_ACCENT_COLOR_NAME = AccentColor;
				CODE_SIGN_STYLE = Automatic;
				CURRENT_PROJECT_VERSION = 1;
				DEVELOPMENT_ASSET_PATHS = "\"SwiftUI_Lecture8_List/Preview Content\"";
				DEVELOPMENT_TEAM = E6JQ2JA658;
				ENABLE_PREVIEWS = YES;
				GENERATE_INFOPLIST_FILE = YES;
				INFOPLIST_KEY_UIApplicationSceneManifest_Generation = YES;
				INFOPLIST_KEY_UIApplicationSupportsIndirectInputEvents = YES;
				INFOPLIST_KEY_UILaunchScreen_Generation = YES;
				INFOPLIST_KEY_UISupportedInterfaceOrientations_iPad = "UIInterfaceOrientationPortrait UIInterfaceOrientationPortraitUpsideDown UIInterfaceOrientationLandscapeLeft UIInterfaceOrientationLandscapeRight";
				INFOPLIST_KEY_UISupportedInterfaceOrientations_iPhone = "UIInterfaceOrientationPortrait UIInterfaceOrientationLandscapeLeft UIInterfaceOrientationLandscapeRight";
				LD_RUNPATH_SEARCH_PATHS = (
					"$(inherited)",
					"@executable_path/Frameworks",
				);
				MARKETING_VERSION = 1.0;
				PRODUCT_BUNDLE_IDENTIFIER = "com.sunny.study.SwiftUI-Lecture8-List";
				PRODUCT_NAME = "$(TARGET_NAME)";
				SWIFT_EMIT_LOC_STRINGS = YES;
				SWIFT_VERSION = 5.0;
				TARGETED_DEVICE_FAMILY = "1,2";
			};
			name = Debug;
		};
		3E3E20D2291D514F002CC009 /* Release */ = {
			isa = XCBuildConfiguration;
			buildSettings = {
				ASSETCATALOG_COMPILER_APPICON_NAME = AppIcon;
				ASSETCATALOG_COMPILER_GLOBAL_ACCENT_COLOR_NAME = AccentColor;
				CODE_SIGN_STYLE = Automatic;
				CURRENT_PROJECT_VERSION = 1;
				DEVELOPMENT_ASSET_PATHS = "\"SwiftUI_Lecture8_List/Preview Content\"";
				DEVELOPMENT_TEAM = E6JQ2JA658;
				ENABLE_PREVIEWS = YES;
				GENERATE_INFOPLIST_FILE = YES;
				INFOPLIST_KEY_UIApplicationSceneManifest_Generation = YES;
				INFOPLIST_KEY_UIApplicationSupportsIndirectInputEvents = YES;
				INFOPLIST_KEY_UILaunchScreen_Generation = YES;
				INFOPLIST_KEY_UISupportedInterfaceOrientations_iPad = "UIInterfaceOrientationPortrait UIInterfaceOrientationPortraitUpsideDown UIInterfaceOrientationLandscapeLeft UIInterfaceOrientationLandscapeRight";
				INFOPLIST_KEY_UISupportedInterfaceOrientations_iPhone = "UIInterfaceOrientationPortrait UIInterfaceOrientationLandscapeLeft UIInterfaceOrientationLandscapeRight";
				LD_RUNPATH_SEARCH_PATHS = (
					"$(inherited)",
					"@executable_path/Frameworks",
				);
				MARKETING_VERSION = 1.0;
				PRODUCT_BUNDLE_IDENTIFIER = "com.sunny.study.SwiftUI-Lecture8-List";
				PRODUCT_NAME = "$(TARGET_NAME)";
				SWIFT_EMIT_LOC_STRINGS = YES;
				SWIFT_VERSION = 5.0;
				TARGETED_DEVICE_FAMILY = "1,2";
			};
			name = Release;
		};
		3E3E20D4291D514F002CC009 /* Debug */ = {
			isa = XCBuildConfiguration;
			buildSettings = {
				ALWAYS_EMBED_SWIFT_STANDARD_LIBRARIES = YES;
				BUNDLE_LOADER = "$(TEST_HOST)";
				CODE_SIGN_STYLE = Automatic;
				CURRENT_PROJECT_VERSION = 1;
				DEVELOPMENT_TEAM = E6JQ2JA658;
				GENERATE_INFOPLIST_FILE = YES;
				IPHONEOS_DEPLOYMENT_TARGET = 16.1;
				MARKETING_VERSION = 1.0;
				PRODUCT_BUNDLE_IDENTIFIER = "com.sunny.study.SwiftUI-Lecture8-ListTests";
				PRODUCT_NAME = "$(TARGET_NAME)";
				SWIFT_EMIT_LOC_STRINGS = NO;
				SWIFT_VERSION = 5.0;
				TARGETED_DEVICE_FAMILY = "1,2";
				TEST_HOST = "$(BUILT_PRODUCTS_DIR)/SwiftUI_Lecture8_List.app/$(BUNDLE_EXECUTABLE_FOLDER_PATH)/SwiftUI_Lecture8_List";
			};
			name = Debug;
		};
		3E3E20D5291D514F002CC009 /* Release */ = {
			isa = XCBuildConfiguration;
			buildSettings = {
				ALWAYS_EMBED_SWIFT_STANDARD_LIBRARIES = YES;
				BUNDLE_LOADER = "$(TEST_HOST)";
				CODE_SIGN_STYLE = Automatic;
				CURRENT_PROJECT_VERSION = 1;
				DEVELOPMENT_TEAM = E6JQ2JA658;
				GENERATE_INFOPLIST_FILE = YES;
				IPHONEOS_DEPLOYMENT_TARGET = 16.1;
				MARKETING_VERSION = 1.0;
				PRODUCT_BUNDLE_IDENTIFIER = "com.sunny.study.SwiftUI-Lecture8-ListTests";
				PRODUCT_NAME = "$(TARGET_NAME)";
				SWIFT_EMIT_LOC_STRINGS = NO;
				SWIFT_VERSION = 5.0;
				TARGETED_DEVICE_FAMILY = "1,2";
				TEST_HOST = "$(BUILT_PRODUCTS_DIR)/SwiftUI_Lecture8_List.app/$(BUNDLE_EXECUTABLE_FOLDER_PATH)/SwiftUI_Lecture8_List";
			};
			name = Release;
		};
		3E3E20D7291D514F002CC009 /* Debug */ = {
			isa = XCBuildConfiguration;
			buildSettings = {
				ALWAYS_EMBED_SWIFT_STANDARD_LIBRARIES = YES;
				CODE_SIGN_STYLE = Automatic;
				CURRENT_PROJECT_VERSION = 1;
				DEVELOPMENT_TEAM = E6JQ2JA658;
				GENERATE_INFOPLIST_FILE = YES;
				MARKETING_VERSION = 1.0;
				PRODUCT_BUNDLE_IDENTIFIER = "com.sunny.study.SwiftUI-Lecture8-ListUITests";
				PRODUCT_NAME = "$(TARGET_NAME)";
				SWIFT_EMIT_LOC_STRINGS = NO;
				SWIFT_VERSION = 5.0;
				TARGETED_DEVICE_FAMILY = "1,2";
				TEST_TARGET_NAME = SwiftUI_Lecture8_List;
			};
			name = Debug;
		};
		3E3E20D8291D514F002CC009 /* Release */ = {
			isa = XCBuildConfiguration;
			buildSettings = {
				ALWAYS_EMBED_SWIFT_STANDARD_LIBRARIES = YES;
				CODE_SIGN_STYLE = Automatic;
				CURRENT_PROJECT_VERSION = 1;
				DEVELOPMENT_TEAM = E6JQ2JA658;
				GENERATE_INFOPLIST_FILE = YES;
				MARKETING_VERSION = 1.0;
				PRODUCT_BUNDLE_IDENTIFIER = "com.sunny.study.SwiftUI-Lecture8-ListUITests";
				PRODUCT_NAME = "$(TARGET_NAME)";
				SWIFT_EMIT_LOC_STRINGS = NO;
				SWIFT_VERSION = 5.0;
				TARGETED_DEVICE_FAMILY = "1,2";
				TEST_TARGET_NAME = SwiftUI_Lecture8_List;
			};
			name = Release;
		};
/* End XCBuildConfiguration section */

/* Begin XCConfigurationList section */
		3E3E20A7291D514D002CC009 /* Build configuration list for PBXProject "SwiftUI_Lecture8_List" */ = {
			isa = XCConfigurationList;
			buildConfigurations = (
				3E3E20CE291D514F002CC009 /* Debug */,
				3E3E20CF291D514F002CC009 /* Release */,
			);
			defaultConfigurationIsVisible = 0;
			defaultConfigurationName = Release;
		};
		3E3E20D0291D514F002CC009 /* Build configuration list for PBXNativeTarget "SwiftUI_Lecture8_List" */ = {
			isa = XCConfigurationList;
			buildConfigurations = (
				3E3E20D1291D514F002CC009 /* Debug */,
				3E3E20D2291D514F002CC009 /* Release */,
			);
			defaultConfigurationIsVisible = 0;
			defaultConfigurationName = Release;
		};
		3E3E20D3291D514F002CC009 /* Build configuration list for PBXNativeTarget "SwiftUI_Lecture8_ListTests" */ = {
			isa = XCConfigurationList;
			buildConfigurations = (
				3E3E20D4291D514F002CC009 /* Debug */,
				3E3E20D5291D514F002CC009 /* Release */,
			);
			defaultConfigurationIsVisible = 0;
			defaultConfigurationName = Release;
		};
		3E3E20D6291D514F002CC009 /* Build configuration list for PBXNativeTarget "SwiftUI_Lecture8_ListUITests" */ = {
			isa = XCConfigurationList;
			buildConfigurations = (
				3E3E20D7291D514F002CC009 /* Debug */,
				3E3E20D8291D514F002CC009 /* Release */,
			);
			defaultConfigurationIsVisible = 0;
			defaultConfigurationName = Release;
		};
/* End XCConfigurationList section */
	};
	rootObject = 3E3E20A4291D514D002CC009 /* Project object */;
}
